
Microsoft Visual Studio Solution File, Format Version 12.00
# Visual Studio Version 17
VisualStudioVersion = 17.7.34031.279
MinimumVisualStudioVersion = 10.0.40219.1
Project("{2150E333-8FDC-42A3-9474-1A3956D46DE8}") = ".config", ".config", "{24960FF8-1942-4EF9-9E88-15583BA634DA}"
	ProjectSection(SolutionItems) = preProject
		.editorconfig = .editorconfig
		Directory.Build.props = Directory.Build.props
	EndProjectSection
EndProject
Project("{FAE04EC0-301F-11D3-BF4B-00C04F79EFBC}") = "Paniquer.Server", "src\Paniquer.Server\Paniquer.Server.csproj", "{77921869-2308-4236-8874-351D58A75B0F}"
EndProject
Project("{FAE04EC0-301F-11D3-BF4B-00C04F79EFBC}") = "Paniquer.Agent", "src\Paniquer.Agent\Paniquer.Agent.csproj", "{590F95C1-8514-437B-8933-399E4645CCB2}"
EndProject
Global
	GlobalSection(SolutionConfigurationPlatforms) = preSolution
		Debug|Any CPU = Debug|Any CPU
		Release|Any CPU = Release|Any CPU
	EndGlobalSection
	GlobalSection(ProjectConfigurationPlatforms) = postSolution
		{77921869-2308-4236-8874-351D58A75B0F}.Debug|Any CPU.ActiveCfg = Debug|Any CPU
		{77921869-2308-4236-8874-351D58A75B0F}.Debug|Any CPU.Build.0 = Debug|Any CPU
		{77921869-2308-4236-8874-351D58A75B0F}.Release|Any CPU.ActiveCfg = Release|Any CPU
		{77921869-2308-4236-8874-351D58A75B0F}.Release|Any CPU.Build.0 = Release|Any CPU
		{590F95C1-8514-437B-8933-399E4645CCB2}.Debug|Any CPU.ActiveCfg = Debug|Any CPU
		{590F95C1-8514-437B-8933-399E4645CCB2}.Debug|Any CPU.Build.0 = Debug|Any CPU
		{590F95C1-8514-437B-8933-399E4645CCB2}.Release|Any CPU.ActiveCfg = Release|Any CPU
		{590F95C1-8514-437B-8933-399E4645CCB2}.Release|Any CPU.Build.0 = Release|Any CPU
	EndGlobalSection
	GlobalSection(SolutionProperties) = preSolution
		HideSolutionNode = FALSE
	EndGlobalSection
	GlobalSection(ExtensibilityGlobals) = postSolution
		SolutionGuid = {5CA7E712-CC51-4F5B-AA91-5546CFE6EA1E}
	EndGlobalSection
EndGlobal
